{
  "version": 4,
  "terraform_version": "1.12.0",
  "serial": 2,
  "lineage": "452422d6-ae52-c409-c689-437426bddb1f",
  "outputs": {},
  "resources": [
    {
      "mode": "managed",
      "type": "google_compute_network",
      "name": "vpc",
      "provider": "provider[\"registry.terraform.io/hashicorp/google\"]",
      "instances": [
        {
          "schema_version": 0,
          "attributes": {
            "auto_create_subnetworks": true,
            "bgp_always_compare_med": false,
            "bgp_best_path_selection_mode": "LEGACY",
            "bgp_inter_region_cost": "",
            "delete_default_routes_on_create": false,
            "description": "",
            "enable_ula_internal_ipv6": false,
            "gateway_ipv4": "",
            "id": "projects/spherical-proxy-460312-b8/global/networks/springboot-vpc",
            "internal_ipv6_range": "",
            "mtu": 0,
            "name": "springboot-vpc",
            "network_firewall_policy_enforcement_order": "AFTER_CLASSIC_FIREWALL",
            "network_id": "6627406296255663442",
            "network_profile": "",
            "numeric_id": "6627406296255663442",
            "project": "spherical-proxy-460312-b8",
            "routing_mode": "REGIONAL",
            "self_link": "https://www.googleapis.com/compute/v1/projects/spherical-proxy-460312-b8/global/networks/springboot-vpc",
            "timeouts": null
          },
          "sensitive_attributes": [],
          "identity_schema_version": 0,
          "private": "eyJlMmJmYjczMC1lY2FhLTExZTYtOGY4OC0zNDM2M2JjN2M0YzAiOnsiY3JlYXRlIjoxMjAwMDAwMDAwMDAwLCJkZWxldGUiOjEyMDAwMDAwMDAwMDAsInVwZGF0ZSI6MTIwMDAwMDAwMDAwMH0sInNjaGVtYV92ZXJzaW9uIjoiMCJ9"
        }
      ]
    }
  ],
  "check_results": null
}
